
Microsoft Visual Studio Solution File, Format Version 12.00
# Visual Studio Version 17
VisualStudioVersion = 17.5.002.0
MinimumVisualStudioVersion = 10.0.40219.1
Project("{2150E333-8FDC-42A3-9474-1A3956D46DE8}") = "csharp-prep", "csharp-prep", "{0A4FAEC5-4FD1-4A56-AD3D-BFEFC487CF14}"
EndProject
Project("{9A19103F-16F7-4668-BE54-9A1E7A4F7556}") = "Prep1", "csharp-prep\Prep1\Prep1.csproj", "{0AC2BE62-A5CC-4640-9BC5-57F4291CAC3D}"
EndProject
Project("{9A19103F-16F7-4668-BE54-9A1E7A4F7556}") = "Prep2", "csharp-prep\Prep2\Prep2.csproj", "{C5978C1A-C5DE-421A-97C3-78F3B7EDC901}"
EndProject
Project("{9A19103F-16F7-4668-BE54-9A1E7A4F7556}") = "Prep3", "csharp-prep\Prep3\Prep3.csproj", "{F332B14C-F40A-47A4-BC88-606075894331}"
EndProject
Project("{9A19103F-16F7-4668-BE54-9A1E7A4F7556}") = "Prep4", "csharp-prep\Prep4\Prep4.csproj", "{9FF3CFC2-340E-43B8-A5CD-25C8CADB5030}"
EndProject
Project("{9A19103F-16F7-4668-BE54-9A1E7A4F7556}") = "Prep5", "csharp-prep\Prep5\Prep5.csproj", "{D85CF7CF-F969-4E85-9852-109A458B9E2F}"
EndProject
Project("{2150E333-8FDC-42A3-9474-1A3956D46DE8}") = "final", "final", "{36FC817B-C58C-41D0-985C-D6B7610B3A48}"
EndProject
Project("{9A19103F-16F7-4668-BE54-9A1E7A4F7556}") = "FinalProject", "final\FinalProject\FinalProject.csproj", "{20963FC6-EA21-4D09-9282-45FE9B452F0D}"
EndProject
Project("{9A19103F-16F7-4668-BE54-9A1E7A4F7556}") = "Foundation1", "final\Foundation1\Foundation1.csproj", "{ABFDE8D7-418E-4CA4-93F8-631D9D5FE355}"
EndProject
Project("{9A19103F-16F7-4668-BE54-9A1E7A4F7556}") = "Foundation2", "final\Foundation2\Foundation2.csproj", "{75ADE282-7C12-4F27-A78B-F2CB29E7D886}"
EndProject
Project("{9A19103F-16F7-4668-BE54-9A1E7A4F7556}") = "Foundation3", "final\Foundation3\Foundation3.csproj", "{61267DB3-70B4-42ED-826D-D13F3156F869}"
EndProject
Project("{9A19103F-16F7-4668-BE54-9A1E7A4F7556}") = "Foundation4", "final\Foundation4\Foundation4.csproj", "{D059EE12-B443-4855-A007-EDC0446D7A56}"
EndProject
Project("{2150E333-8FDC-42A3-9474-1A3956D46DE8}") = "prepare", "prepare", "{2AA3CCE3-687D-46D8-81DD-7F745FB6C613}"
EndProject
Project("{9A19103F-16F7-4668-BE54-9A1E7A4F7556}") = "Learning02", "prepare\Learning02\Learning02.csproj", "{D9CD64F4-78F0-4AEC-8B0E-229E758C639B}"
EndProject
Project("{9A19103F-16F7-4668-BE54-9A1E7A4F7556}") = "Learning03", "prepare\Learning03\Learning03.csproj", "{AC7AB1C9-6110-4048-92CC-1834BE6A29B9}"
EndProject
Project("{9A19103F-16F7-4668-BE54-9A1E7A4F7556}") = "Learning04", "prepare\Learning04\Learning04.csproj", "{70D5E498-0B42-457E-B254-D9A28FA12A3C}"
EndProject
Project("{9A19103F-16F7-4668-BE54-9A1E7A4F7556}") = "Learning05", "prepare\Learning05\Learning05.csproj", "{DBC8B693-D63E-40F4-B4E7-528DCBDFDD81}"
EndProject
Project("{2150E333-8FDC-42A3-9474-1A3956D46DE8}") = "prove", "prove", "{0775625C-53B0-4E44-8138-4FD405ABD4A1}"
EndProject
Project("{9A19103F-16F7-4668-BE54-9A1E7A4F7556}") = "Develop02", "prove\Develop02\Develop02.csproj", "{C6A347E5-1F8D-49CE-BCBE-151A06B2D248}"
EndProject
Project("{9A19103F-16F7-4668-BE54-9A1E7A4F7556}") = "Develop03", "prove\Develop03\Develop03.csproj", "{94A43A12-ECA9-4034-93E6-96B627416A1B}"
EndProject
Project("{9A19103F-16F7-4668-BE54-9A1E7A4F7556}") = "Develop04", "prove\Develop04\Develop04.csproj", "{437BF43E-D619-43FF-9B5E-98834D74E214}"
EndProject
Project("{9A19103F-16F7-4668-BE54-9A1E7A4F7556}") = "Develop05", "prove\Develop05\Develop05.csproj", "{362B151B-81C0-4946-98D9-A02CB6670704}"
EndProject
Project("{2150E333-8FDC-42A3-9474-1A3956D46DE8}") = "sandbox", "sandbox", "{CDB15F30-80E1-409F-A9A4-7BAF3200373C}"
EndProject
Project("{9A19103F-16F7-4668-BE54-9A1E7A4F7556}") = "Sandbox", "sandbox\Sandbox\Sandbox.csproj", "{FB0C38CC-F64C-4E21-8B7B-089097421DC8}"
EndProject
Global
	GlobalSection(SolutionConfigurationPlatforms) = preSolution
		Debug|Any CPU = Debug|Any CPU
		Release|Any CPU = Release|Any CPU
	EndGlobalSection
	GlobalSection(ProjectConfigurationPlatforms) = postSolution
		{0AC2BE62-A5CC-4640-9BC5-57F4291CAC3D}.Debug|Any CPU.ActiveCfg = Debug|Any CPU
		{0AC2BE62-A5CC-4640-9BC5-57F4291CAC3D}.Debug|Any CPU.Build.0 = Debug|Any CPU
		{0AC2BE62-A5CC-4640-9BC5-57F4291CAC3D}.Release|Any CPU.ActiveCfg = Release|Any CPU
		{0AC2BE62-A5CC-4640-9BC5-57F4291CAC3D}.Release|Any CPU.Build.0 = Release|Any CPU
		{C5978C1A-C5DE-421A-97C3-78F3B7EDC901}.Debug|Any CPU.ActiveCfg = Debug|Any CPU
		{C5978C1A-C5DE-421A-97C3-78F3B7EDC901}.Debug|Any CPU.Build.0 = Debug|Any CPU
		{C5978C1A-C5DE-421A-97C3-78F3B7EDC901}.Release|Any CPU.ActiveCfg = Release|Any CPU
		{C5978C1A-C5DE-421A-97C3-78F3B7EDC901}.Release|Any CPU.Build.0 = Release|Any CPU
		{F332B14C-F40A-47A4-BC88-606075894331}.Debug|Any CPU.ActiveCfg = Debug|Any CPU
		{F332B14C-F40A-47A4-BC88-606075894331}.Debug|Any CPU.Build.0 = Debug|Any CPU
		{F332B14C-F40A-47A4-BC88-606075894331}.Release|Any CPU.ActiveCfg = Release|Any CPU
		{F332B14C-F40A-47A4-BC88-606075894331}.Release|Any CPU.Build.0 = Release|Any CPU
		{9FF3CFC2-340E-43B8-A5CD-25C8CADB5030}.Debug|Any CPU.ActiveCfg = Debug|Any CPU
		{9FF3CFC2-340E-43B8-A5CD-25C8CADB5030}.Debug|Any CPU.Build.0 = Debug|Any CPU
		{9FF3CFC2-340E-43B8-A5CD-25C8CADB5030}.Release|Any CPU.ActiveCfg = Release|Any CPU
		{9FF3CFC2-340E-43B8-A5CD-25C8CADB5030}.Release|Any CPU.Build.0 = Release|Any CPU
		{D85CF7CF-F969-4E85-9852-109A458B9E2F}.Debug|Any CPU.ActiveCfg = Debug|Any CPU
		{D85CF7CF-F969-4E85-9852-109A458B9E2F}.Debug|Any CPU.Build.0 = Debug|Any CPU
		{D85CF7CF-F969-4E85-9852-109A458B9E2F}.Release|Any CPU.ActiveCfg = Release|Any CPU
		{D85CF7CF-F969-4E85-9852-109A458B9E2F}.Release|Any CPU.Build.0 = Release|Any CPU
		{20963FC6-EA21-4D09-9282-45FE9B452F0D}.Debug|Any CPU.ActiveCfg = Debug|Any CPU
		{20963FC6-EA21-4D09-9282-45FE9B452F0D}.Debug|Any CPU.Build.0 = Debug|Any CPU
		{20963FC6-EA21-4D09-9282-45FE9B452F0D}.Release|Any CPU.ActiveCfg = Release|Any CPU
		{20963FC6-EA21-4D09-9282-45FE9B452F0D}.Release|Any CPU.Build.0 = Release|Any CPU
		{ABFDE8D7-418E-4CA4-93F8-631D9D5FE355}.Debug|Any CPU.ActiveCfg = Debug|Any CPU
		{ABFDE8D7-418E-4CA4-93F8-631D9D5FE355}.Debug|Any CPU.Build.0 = Debug|Any CPU
		{ABFDE8D7-418E-4CA4-93F8-631D9D5FE355}.Release|Any CPU.ActiveCfg = Release|Any CPU
		{ABFDE8D7-418E-4CA4-93F8-631D9D5FE355}.Release|Any CPU.Build.0 = Release|Any CPU
		{75ADE282-7C12-4F27-A78B-F2CB29E7D886}.Debug|Any CPU.ActiveCfg = Debug|Any CPU
		{75ADE282-7C12-4F27-A78B-F2CB29E7D886}.Debug|Any CPU.Build.0 = Debug|Any CPU
		{75ADE282-7C12-4F27-A78B-F2CB29E7D886}.Release|Any CPU.ActiveCfg = Release|Any CPU
		{75ADE282-7C12-4F27-A78B-F2CB29E7D886}.Release|Any CPU.Build.0 = Release|Any CPU
		{61267DB3-70B4-42ED-826D-D13F3156F869}.Debug|Any CPU.ActiveCfg = Debug|Any CPU
		{61267DB3-70B4-42ED-826D-D13F3156F869}.Debug|Any CPU.Build.0 = Debug|Any CPU
		{61267DB3-70B4-42ED-826D-D13F3156F869}.Release|Any CPU.ActiveCfg = Release|Any CPU
		{61267DB3-70B4-42ED-826D-D13F3156F869}.Release|Any CPU.Build.0 = Release|Any CPU
		{D059EE12-B443-4855-A007-EDC0446D7A56}.Debug|Any CPU.ActiveCfg = Debug|Any CPU
		{D059EE12-B443-4855-A007-EDC0446D7A56}.Debug|Any CPU.Build.0 = Debug|Any CPU
		{D059EE12-B443-4855-A007-EDC0446D7A56}.Release|Any CPU.ActiveCfg = Release|Any CPU
		{D059EE12-B443-4855-A007-EDC0446D7A56}.Release|Any CPU.Build.0 = Release|Any CPU
		{D9CD64F4-78F0-4AEC-8B0E-229E758C639B}.Debug|Any CPU.ActiveCfg = Debug|Any CPU
		{D9CD64F4-78F0-4AEC-8B0E-229E758C639B}.Debug|Any CPU.Build.0 = Debug|Any CPU
		{D9CD64F4-78F0-4AEC-8B0E-229E758C639B}.Release|Any CPU.ActiveCfg = Release|Any CPU
		{D9CD64F4-78F0-4AEC-8B0E-229E758C639B}.Release|Any CPU.Build.0 = Release|Any CPU
		{AC7AB1C9-6110-4048-92CC-1834BE6A29B9}.Debug|Any CPU.ActiveCfg = Debug|Any CPU
		{AC7AB1C9-6110-4048-92CC-1834BE6A29B9}.Debug|Any CPU.Build.0 = Debug|Any CPU
		{AC7AB1C9-6110-4048-92CC-1834BE6A29B9}.Release|Any CPU.ActiveCfg = Release|Any CPU
		{AC7AB1C9-6110-4048-92CC-1834BE6A29B9}.Release|Any CPU.Build.0 = Release|Any CPU
		{70D5E498-0B42-457E-B254-D9A28FA12A3C}.Debug|Any CPU.ActiveCfg = Debug|Any CPU
		{70D5E498-0B42-457E-B254-D9A28FA12A3C}.Debug|Any CPU.Build.0 = Debug|Any CPU
		{70D5E498-0B42-457E-B254-D9A28FA12A3C}.Release|Any CPU.ActiveCfg = Release|Any CPU
		{70D5E498-0B42-457E-B254-D9A28FA12A3C}.Release|Any CPU.Build.0 = Release|Any CPU
		{DBC8B693-D63E-40F4-B4E7-528DCBDFDD81}.Debug|Any CPU.ActiveCfg = Debug|Any CPU
		{DBC8B693-D63E-40F4-B4E7-528DCBDFDD81}.Debug|Any CPU.Build.0 = Debug|Any CPU
		{DBC8B693-D63E-40F4-B4E7-528DCBDFDD81}.Release|Any CPU.ActiveCfg = Release|Any CPU
		{DBC8B693-D63E-40F4-B4E7-528DCBDFDD81}.Release|Any CPU.Build.0 = Release|Any CPU
		{C6A347E5-1F8D-49CE-BCBE-151A06B2D248}.Debug|Any CPU.ActiveCfg = Debug|Any CPU
		{C6A347E5-1F8D-49CE-BCBE-151A06B2D248}.Debug|Any CPU.Build.0 = Debug|Any CPU
		{C6A347E5-1F8D-49CE-BCBE-151A06B2D248}.Release|Any CPU.ActiveCfg = Release|Any CPU
		{C6A347E5-1F8D-49CE-BCBE-151A06B2D248}.Release|Any CPU.Build.0 = Release|Any CPU
		{94A43A12-ECA9-4034-93E6-96B627416A1B}.Debug|Any CPU.ActiveCfg = Debug|Any CPU
		{94A43A12-ECA9-4034-93E6-96B627416A1B}.Debug|Any CPU.Build.0 = Debug|Any CPU
		{94A43A12-ECA9-4034-93E6-96B627416A1B}.Release|Any CPU.ActiveCfg = Release|Any CPU
		{94A43A12-ECA9-4034-93E6-96B627416A1B}.Release|Any CPU.Build.0 = Release|Any CPU
		{437BF43E-D619-43FF-9B5E-98834D74E214}.Debug|Any CPU.ActiveCfg = Debug|Any CPU
		{437BF43E-D619-43FF-9B5E-98834D74E214}.Debug|Any CPU.Build.0 = Debug|Any CPU
		{437BF43E-D619-43FF-9B5E-98834D74E214}.Release|Any CPU.ActiveCfg = Release|Any CPU
		{437BF43E-D619-43FF-9B5E-98834D74E214}.Release|Any CPU.Build.0 = Release|Any CPU
		{362B151B-81C0-4946-98D9-A02CB6670704}.Debug|Any CPU.ActiveCfg = Debug|Any CPU
		{362B151B-81C0-4946-98D9-A02CB6670704}.Debug|Any CPU.Build.0 = Debug|Any CPU
		{362B151B-81C0-4946-98D9-A02CB6670704}.Release|Any CPU.ActiveCfg = Release|Any CPU
		{362B151B-81C0-4946-98D9-A02CB6670704}.Release|Any CPU.Build.0 = Release|Any CPU
		{FB0C38CC-F64C-4E21-8B7B-089097421DC8}.Debug|Any CPU.ActiveCfg = Debug|Any CPU
		{FB0C38CC-F64C-4E21-8B7B-089097421DC8}.Debug|Any CPU.Build.0 = Debug|Any CPU
		{FB0C38CC-F64C-4E21-8B7B-089097421DC8}.Release|Any CPU.ActiveCfg = Release|Any CPU
		{FB0C38CC-F64C-4E21-8B7B-089097421DC8}.Release|Any CPU.Build.0 = Release|Any CPU
	EndGlobalSection
	GlobalSection(SolutionProperties) = preSolution
		HideSolutionNode = FALSE
	EndGlobalSection
	GlobalSection(NestedProjects) = preSolution
		{0AC2BE62-A5CC-4640-9BC5-57F4291CAC3D} = {0A4FAEC5-4FD1-4A56-AD3D-BFEFC487CF14}
		{C5978C1A-C5DE-421A-97C3-78F3B7EDC901} = {0A4FAEC5-4FD1-4A56-AD3D-BFEFC487CF14}
		{F332B14C-F40A-47A4-BC88-606075894331} = {0A4FAEC5-4FD1-4A56-AD3D-BFEFC487CF14}
		{9FF3CFC2-340E-43B8-A5CD-25C8CADB5030} = {0A4FAEC5-4FD1-4A56-AD3D-BFEFC487CF14}
		{D85CF7CF-F969-4E85-9852-109A458B9E2F} = {0A4FAEC5-4FD1-4A56-AD3D-BFEFC487CF14}
		{20963FC6-EA21-4D09-9282-45FE9B452F0D} = {36FC817B-C58C-41D0-985C-D6B7610B3A48}
		{ABFDE8D7-418E-4CA4-93F8-631D9D5FE355} = {36FC817B-C58C-41D0-985C-D6B7610B3A48}
		{75ADE282-7C12-4F27-A78B-F2CB29E7D886} = {36FC817B-C58C-41D0-985C-D6B7610B3A48}
		{61267DB3-70B4-42ED-826D-D13F3156F869} = {36FC817B-C58C-41D0-985C-D6B7610B3A48}
		{D059EE12-B443-4855-A007-EDC0446D7A56} = {36FC817B-C58C-41D0-985C-D6B7610B3A48}
		{D9CD64F4-78F0-4AEC-8B0E-229E758C639B} = {2AA3CCE3-687D-46D8-81DD-7F745FB6C613}
		{AC7AB1C9-6110-4048-92CC-1834BE6A29B9} = {2AA3CCE3-687D-46D8-81DD-7F745FB6C613}
		{70D5E498-0B42-457E-B254-D9A28FA12A3C} = {2AA3CCE3-687D-46D8-81DD-7F745FB6C613}
		{DBC8B693-D63E-40F4-B4E7-528DCBDFDD81} = {2AA3CCE3-687D-46D8-81DD-7F745FB6C613}
		{C6A347E5-1F8D-49CE-BCBE-151A06B2D248} = {0775625C-53B0-4E44-8138-4FD405ABD4A1}
		{94A43A12-ECA9-4034-93E6-96B627416A1B} = {0775625C-53B0-4E44-8138-4FD405ABD4A1}
		{437BF43E-D619-43FF-9B5E-98834D74E214} = {0775625C-53B0-4E44-8138-4FD405ABD4A1}
		{362B151B-81C0-4946-98D9-A02CB6670704} = {0775625C-53B0-4E44-8138-4FD405ABD4A1}
		{FB0C38CC-F64C-4E21-8B7B-089097421DC8} = {CDB15F30-80E1-409F-A9A4-7BAF3200373C}
	EndGlobalSection
	GlobalSection(ExtensibilityGlobals) = postSolution
		SolutionGuid = {89353CFF-EE89-45D3-A7C3-2AC26E709E4A}
	EndGlobalSection
EndGlobal
